      - name: Install dependencies
        run: |
          if [ -f package-lock.json ]; then
            echo "package-lock.json found — running npm ci"
            npm ci
          else
            echo "No package-lock.json — running npm install"
            npm install --no-audit --no-fund
          fi
        working-directory: .
